
Microsoft Visual Studio Solution File, Format Version 12.00
# Visual Studio Version 16
VisualStudioVersion = 16.0.31410.357
MinimumVisualStudioVersion = 10.0.40219.1
Project("{8BC9CEB8-8B4A-11D0-8D11-00A0C91BC942}") = "skeleton", "skeleton.vcxproj", "{00FA355A-C37E-45C5-BD98-B5E06A52D976}"
EndProject
Global
	GlobalSection(SolutionConfigurationPlatforms) = preSolution
		Debug|x64 = Debug|x64
		Debug|x86 = Debug|x86
		Release|x64 = Release|x64
		Release|x86 = Release|x86
	EndGlobalSection
	GlobalSection(ProjectConfigurationPlatforms) = postSolution
		{00FA355A-C37E-45C5-BD98-B5E06A52D976}.Debug|x64.ActiveCfg = Debug|x64
		{00FA355A-C37E-45C5-BD98-B5E06A52D976}.Debug|x64.Build.0 = Debug|x64
		{00FA355A-C37E-45C5-BD98-B5E06A52D976}.Debug|x86.ActiveCfg = Debug|Win32
		{00FA355A-C37E-45C5-BD98-B5E06A52D976}.Debug|x86.Build.0 = Debug|Win32
		{00FA355A-C37E-45C5-BD98-B5E06A52D976}.Release|x64.ActiveCfg = Release|x64
		{00FA355A-C37E-45C5-BD98-B5E06A52D976}.Release|x64.Build.0 = Release|x64
		{00FA355A-C37E-45C5-BD98-B5E06A52D976}.Release|x86.ActiveCfg = Release|Win32
		{00FA355A-C37E-45C5-BD98-B5E06A52D976}.Release|x86.Build.0 = Release|Win32
	EndGlobalSection
	GlobalSection(SolutionProperties) = preSolution
		HideSolutionNode = FALSE
	EndGlobalSection
	GlobalSection(ExtensibilityGlobals) = postSolution
		SolutionGuid = {76D64398-7BB7-4C57-9AC1-DBCD394CF0D4}
	EndGlobalSection
EndGlobal
