
Microsoft Visual Studio Solution File, Format Version 12.00
# Visual Studio Version 16
VisualStudioVersion = 16.0.31112.23
MinimumVisualStudioVersion = 10.0.40219.1
Project("{8BC9CEB8-8B4A-11D0-8D11-00A0C91BC942}") = "Project2", "Project2.vcxproj", "{6ABA09C8-84EB-46F5-80C8-7A1C245494B2}"
EndProject
Global
	GlobalSection(SolutionConfigurationPlatforms) = preSolution
		Debug|x64 = Debug|x64
		Debug|x86 = Debug|x86
		Release|x64 = Release|x64
		Release|x86 = Release|x86
	EndGlobalSection
	GlobalSection(ProjectConfigurationPlatforms) = postSolution
		{6ABA09C8-84EB-46F5-80C8-7A1C245494B2}.Debug|x64.ActiveCfg = Debug|x64
		{6ABA09C8-84EB-46F5-80C8-7A1C245494B2}.Debug|x64.Build.0 = Debug|x64
		{6ABA09C8-84EB-46F5-80C8-7A1C245494B2}.Debug|x86.ActiveCfg = Debug|Win32
		{6ABA09C8-84EB-46F5-80C8-7A1C245494B2}.Debug|x86.Build.0 = Debug|Win32
		{6ABA09C8-84EB-46F5-80C8-7A1C245494B2}.Release|x64.ActiveCfg = Release|x64
		{6ABA09C8-84EB-46F5-80C8-7A1C245494B2}.Release|x64.Build.0 = Release|x64
		{6ABA09C8-84EB-46F5-80C8-7A1C245494B2}.Release|x86.ActiveCfg = Release|Win32
		{6ABA09C8-84EB-46F5-80C8-7A1C245494B2}.Release|x86.Build.0 = Release|Win32
	EndGlobalSection
	GlobalSection(SolutionProperties) = preSolution
		HideSolutionNode = FALSE
	EndGlobalSection
	GlobalSection(ExtensibilityGlobals) = postSolution
		SolutionGuid = {2D205788-EA02-4569-BCB2-F8DDA31B26F3}
	EndGlobalSection
EndGlobal
